
Microsoft Visual Studio Solution File, Format Version 12.00
# Visual Studio Version 17
VisualStudioVersion = 17.2.32602.215
MinimumVisualStudioVersion = 10.0.40219.1
Project("{FAE04EC0-301F-11D3-BF4B-00C04F79EFBC}") = "TestMVCProject", "TestMVCProject\TestMVCProject.csproj", "{45E4007F-F903-4CEC-82F9-0B5E395A1070}"
EndProject
Global
	GlobalSection(SolutionConfigurationPlatforms) = preSolution
		Debug|Any CPU = Debug|Any CPU
		Release|Any CPU = Release|Any CPU
	EndGlobalSection
	GlobalSection(ProjectConfigurationPlatforms) = postSolution
		{45E4007F-F903-4CEC-82F9-0B5E395A1070}.Debug|Any CPU.ActiveCfg = Debug|Any CPU
		{45E4007F-F903-4CEC-82F9-0B5E395A1070}.Debug|Any CPU.Build.0 = Debug|Any CPU
		{45E4007F-F903-4CEC-82F9-0B5E395A1070}.Release|Any CPU.ActiveCfg = Release|Any CPU
		{45E4007F-F903-4CEC-82F9-0B5E395A1070}.Release|Any CPU.Build.0 = Release|Any CPU
	EndGlobalSection
	GlobalSection(SolutionProperties) = preSolution
		HideSolutionNode = FALSE
	EndGlobalSection
	GlobalSection(ExtensibilityGlobals) = postSolution
		SolutionGuid = {DCA0D977-A37A-43ED-8149-5484C2AB90DB}
	EndGlobalSection
EndGlobal
